// !$*UTF8*$!
{
	archiveVersion = 1;
	classes = {
	};
	objectVersion = 46;
	objects = {

/* Begin PBXBuildFile section */
		1193BB1A1CEED66500C12764 /* AppDelegate.swift in Sources */ = {isa = PBXBuildFile; fileRef = 1193BB191CEED66500C12764 /* AppDelegate.swift */; };
		1193BB1C1CEED66500C12764 /* ViewController.swift in Sources */ = {isa = PBXBuildFile; fileRef = 1193BB1B1CEED66500C12764 /* ViewController.swift */; };
		1193BB1F1CEED66500C12764 /* Main.storyboard in Resources */ = {isa = PBXBuildFile; fileRef = 1193BB1D1CEED66500C12764 /* Main.storyboard */; };
		1193BB211CEED66500C12764 /* Assets.xcassets in Resources */ = {isa = PBXBuildFile; fileRef = 1193BB201CEED66500C12764 /* Assets.xcassets */; };
		1193BB241CEED66500C12764 /* LaunchScreen.storyboard in Resources */ = {isa = PBXBuildFile; fileRef = 1193BB221CEED66500C12764 /* LaunchScreen.storyboard */; };
		1193BB351CF2DD8B00C12764 /* CircleLoadingView.swift in Sources */ = {isa = PBXBuildFile; fileRef = 1193BB331CF2DD8B00C12764 /* CircleLoadingView.swift */; };
		1193BB361CF2DD8B00C12764 /* CircleView.swift in Sources */ = {isa = PBXBuildFile; fileRef = 1193BB341CF2DD8B00C12764 /* CircleView.swift */; };
/* End PBXBuildFile section */

/* Begin PBXFileReference section */
		1193BB161CEED66500C12764 /* RoundLoadingView.app */ = {isa = PBXFileReference; explicitFileType = wrapper.application; includeInIndex = 0; path = RoundLoadingView.app; sourceTree = BUILT_PRODUCTS_DIR; };
		1193BB191CEED66500C12764 /* AppDelegate.swift */ = {isa = PBXFileReference; lastKnownFileType = sourcecode.swift; path = AppDelegate.swift; sourceTree = "<group>"; };
		1193BB1B1CEED66500C12764 /* ViewController.swift */ = {isa = PBXFileReference; lastKnownFileType = sourcecode.swift; path = ViewController.swift; sourceTree = "<group>"; };
		1193BB1E1CEED66500C12764 /* Base */ = {isa = PBXFileReference; lastKnownFileType = file.storyboard; name = Base; path = Base.lproj/Main.storyboard; sourceTree = "<group>"; };
		1193BB201CEED66500C12764 /* Assets.xcassets */ = {isa = PBXFileReference; lastKnownFileType = folder.assetcatalog; path = Assets.xcassets; sourceTree = "<group>"; };
		1193BB231CEED66500C12764 /* Base */ = {isa = PBXFileReference; lastKnownFileType = file.storyboard; name = Base; path = Base.lproj/LaunchScreen.storyboard; sourceTree = "<group>"; };
		1193BB251CEED66500C12764 /* Info.plist */ = {isa = PBXFileReference; lastKnownFileType = text.plist.xml; path = Info.plist; sourceTree = "<group>"; };
		1193BB331CF2DD8B00C12764 /* CircleLoadingView.swift */ = {isa = PBXFileReference; fileEncoding = 4; lastKnownFileType = sourcecode.swift; path = CircleLoadingView.swift; sourceTree = "<group>"; };
		1193BB341CF2DD8B00C12764 /* CircleView.swift */ = {isa = PBXFileReference; fileEncoding = 4; lastKnownFileType = sourcecode.swift; path = CircleView.swift; sourceTree = "<group>"; };
/* End PBXFileReference section */

/* Begin PBXFrameworksBuildPhase section */
		1193BB131CEED66500C12764 /* Frameworks */ = {
			isa = PBXFrameworksBuildPhase;
			buildActionMask = 2147483647;
			files = (
			);
			runOnlyForDeploymentPostprocessing = 0;
		};
/* End PBXFrameworksBuildPhase section */

/* Begin PBXGroup section */
		1193BB0D1CEED66400C12764 = {
			isa = PBXGroup;
			children = (
				1193BB181CEED66500C12764 /* RoundLoadingView */,
				1193BB171CEED66500C12764 /* Products */,
			);
			sourceTree = "<group>";
		};
		1193BB171CEED66500C12764 /* Products */ = {
			isa = PBXGroup;
			children = (
				1193BB161CEED66500C12764 /* RoundLoadingView.app */,
			);
			name = Products;
			sourceTree = "<group>";
		};
		1193BB181CEED66500C12764 /* RoundLoadingView */ = {
			isa = PBXGroup;
			children = (
				1193BB191CEED66500C12764 /* AppDelegate.swift */,
				1193BB1B1CEED66500C12764 /* ViewController.swift */,
				1193BB321CF2DD8B00C12764 /* SJCircleLoadingView */,
				1193BB1D1CEED66500C12764 /* Main.storyboard */,
				1193BB201CEED66500C12764 /* Assets.xcassets */,
				1193BB221CEED66500C12764 /* LaunchScreen.storyboard */,
				1193BB251CEED66500C12764 /* Info.plist */,
			);
			path = RoundLoadingView;
			sourceTree = "<group>";
		};
		1193BB321CF2DD8B00C12764 /* SJCircleLoadingView */ = {
			isa = PBXGroup;
			children = (
				1193BB331CF2DD8B00C12764 /* CircleLoadingView.swift */,
				1193BB341CF2DD8B00C12764 /* CircleView.swift */,
			);
			path = SJCircleLoadingView;
			sourceTree = "<group>";
		};
/* End PBXGroup section */

/* Begin PBXNativeTarget section */
		1193BB151CEED66500C12764 /* RoundLoadingView */ = {
			isa = PBXNativeTarget;
			buildConfigurationList = 1193BB281CEED66500C12764 /* Build configuration list for PBXNativeTarget "RoundLoadingView" */;
			buildPhases = (
				1193BB121CEED66500C12764 /* Sources */,
				1193BB131CEED66500C12764 /* Frameworks */,
				1193BB141CEED66500C12764 /* Resources */,
			);
			buildRules = (
			);
			dependencies = (
			);
			name = RoundLoadingView;
			productName = RoundLoadingView;
			productReference = 1193BB161CEED66500C12764 /* RoundLoadingView.app */;
			productType = "com.apple.product-type.application";
		};
/* End PBXNativeTarget section */

/* Begin PBXProject section */
		1193BB0E1CEED66400C12764 /* Project object */ = {
			isa = PBXProject;
			attributes = {
				LastSwiftUpdateCheck = 0730;
				LastUpgradeCheck = 0730;
				ORGANIZATIONNAME = JiangShenglong;
				TargetAttributes = {
					1193BB151CEED66500C12764 = {
						CreatedOnToolsVersion = 7.3.1;
					};
				};
			};
			buildConfigurationList = 1193BB111CEED66400C12764 /* Build configuration list for PBXProject "RoundLoadingView" */;
			compatibilityVersion = "Xcode 3.2";
			developmentRegion = English;
			hasScannedForEncodings = 0;
			knownRegions = (
				en,
				Base,
			);
			mainGroup = 1193BB0D1CEED66400C12764;
			productRefGroup = 1193BB171CEED66500C12764 /* Products */;
			projectDirPath = "";
			projectRoot = "";
			targets = (
				1193BB151CEED66500C12764 /* RoundLoadingView */,
			);
		};
/* End PBXProject section */

/* Begin PBXResourcesBuildPhase section */
		1193BB141CEED66500C12764 /* Resources */ = {
			isa = PBXResourcesBuildPhase;
			buildActionMask = 2147483647;
			files = (
				1193BB241CEED66500C12764 /* LaunchScreen.storyboard in Resources */,
				1193BB211CEED66500C12764 /* Assets.xcassets in Resources */,
				1193BB1F1CEED66500C12764 /* Main.storyboard in Resources */,
			);
			runOnlyForDeploymentPostprocessing = 0;
		};
/* End PBXResourcesBuildPhase section */

/* Begin PBXSourcesBuildPhase section */
		1193BB121CEED66500C12764 /* Sources */ = {
			isa = PBXSourcesBuildPhase;
			buildActionMask = 2147483647;
			files = (
				1193BB361CF2DD8B00C12764 /* CircleView.swift in Sources */,
				1193BB351CF2DD8B00C12764 /* CircleLoadingView.swift in Sources */,
				1193BB1C1CEED66500C12764 /* ViewController.swift in Sources */,
				1193BB1A1CEED66500C12764 /* AppDelegate.swift in Sources */,
			);
			runOnlyForDeploymentPostprocessing = 0;
		};
/* End PBXSourcesBuildPhase section */

/* Begin PBXVariantGroup section */
		1193BB1D1CEED66500C12764 /* Main.storyboard */ = {
			isa = PBXVariantGroup;
			children = (
				1193BB1E1CEED66500C12764 /* Base */,
			);
			name = Main.storyboard;
			sourceTree = "<group>";
		};
		1193BB221CEED66500C12764 /* LaunchScreen.storyboard */ = {
			isa = PBXVariantGroup;
			children = (
				1193BB231CEED66500C12764 /* Base */,
			);
			name = LaunchScreen.storyboard;
			sourceTree = "<group>";
		};
/* End PBXVariantGroup section */

/* Begin XCBuildConfiguration section */
		1193BB261CEED66500C12764 /* Debug */ = {
			isa = XCBuildConfiguration;
			buildSettings = {
				ALWAYS_SEARCH_USER_PATHS = NO;
				CLANG_ANALYZER_NONNULL = YES;
				CLANG_CXX_LANGUAGE_STANDARD = "gnu++0x";
				CLANG_CXX_LIBRARY = "libc++";
				CLANG_ENABLE_MODULES = YES;
				CLANG_ENABLE_OBJC_ARC = YES;
				CLANG_WARN_BOOL_CONVERSION = YES;
				CLANG_WARN_CONSTANT_CONVERSION = YES;
				CLANG_WARN_DIRECT_OBJC_ISA_USAGE = YES_ERROR;
				CLANG_WARN_EMPTY_BODY = YES;
				CLANG_WARN_ENUM_CONVERSION = YES;
				CLANG_WARN_INT_CONVERSION = YES;
				CLANG_WARN_OBJC_ROOT_CLASS = YES_ERROR;
				CLANG_WARN_UNREACHABLE_CODE = YES;
				CLANG_WARN__DUPLICATE_METHOD_MATCH = YES;
				"CODE_SIGN_IDENTITY[sdk=iphoneos*]" = "iPhone Developer";
				COPY_PHASE_STRIP = NO;
				DEBUG_INFORMATION_FORMAT = dwarf;
				ENABLE_STRICT_OBJC_MSGSEND = YES;
				ENABLE_TESTABILITY = YES;
				GCC_C_LANGUAGE_STANDARD = gnu99;
				GCC_DYNAMIC_NO_PIC = NO;
				GCC_NO_COMMON_BLOCKS = YES;
				GCC_OPTIMIZATION_LEVEL = 0;
				GCC_PREPROCESSOR_DEFINITIONS = (
					"DEBUG=1",
					"$(inherited)",
				);
				GCC_WARN_64_TO_32_BIT_CONVERSION = YES;
				GCC_WARN_ABOUT_RETURN_TYPE = YES_ERROR;
				GCC_WARN_UNDECLARED_SELECTOR = YES;
				GCC_WARN_UNINITIALIZED_AUTOS = YES_AGGRESSIVE;
				GCC_WARN_UNUSED_FUNCTION = YES;
				GCC_WARN_UNUSED_VARIABLE = YES;
				IPHONEOS_DEPLOYMENT_TARGET = 9.3;
				MTL_ENABLE_DEBUG_INFO = YES;
				ONLY_ACTIVE_ARCH = YES;
				SDKROOT = iphoneos;
				SWIFT_OPTIMIZATION_LEVEL = "-Onone";
			};
			name = Debug;
		};
		1193BB271CEED66500C12764 /* Release */ = {
			isa = XCBuildConfiguration;
			buildSettings = {
				ALWAYS_SEARCH_USER_PATHS = NO;
				CLANG_ANALYZER_NONNULL = YES;
				CLANG_CXX_LANGUAGE_STANDARD = "gnu++0x";
				CLANG_CXX_LIBRARY = "libc++";
				CLANG_ENABLE_MODULES = YES;
				CLANG_ENABLE_OBJC_ARC = YES;
				CLANG_WARN_BOOL_CONVERSION = YES;
				CLANG_WARN_CONSTANT_CONVERSION = YES;
				CLANG_WARN_DIRECT_OBJC_ISA_USAGE = YES_ERROR;
				CLANG_WARN_EMPTY_BODY = YES;
				CLANG_WARN_ENUM_CONVERSION = YES;
				CLANG_WARN_INT_CONVERSION = YES;
				CLANG_WARN_OBJC_ROOT_CLASS = YES_ERROR;
				CLANG_WARN_UNREACHABLE_CODE = YES;
				CLANG_WARN__DUPLICATE_METHOD_MATCH = YES;
				"CODE_SIGN_IDENTITY[sdk=iphoneos*]" = "iPhone Developer";
				COPY_PHASE_STRIP = NO;
				DEBUG_INFORMATION_FORMAT = "dwarf-with-dsym";
				ENABLE_NS_ASSERTIONS = NO;
				ENABLE_STRICT_OBJC_MSGSEND = YES;
				GCC_C_LANGUAGE_STANDARD = gnu99;
				GCC_NO_COMMON_BLOCKS = YES;
				GCC_WARN_64_TO_32_BIT_CONVERSION = YES;
				GCC_WARN_ABOUT_RETURN_TYPE = YES_ERROR;
				GCC_WARN_UNDECLARED_SELECTOR = YES;
				GCC_WARN_UNINITIALIZED_AUTOS = YES_AGGRESSIVE;
				GCC_WARN_UNUSED_FUNCTION = YES;
				GCC_WARN_UNUSED_VARIABLE = YES;
				IPHONEOS_DEPLOYMENT_TARGET = 9.3;
				MTL_ENABLE_DEBUG_INFO = NO;
				SDKROOT = iphoneos;
				VALIDATE_PRODUCT = YES;
			};
			name = Release;
		};
		1193BB291CEED66500C12764 /* Debug */ = {
			isa = XCBuildConfiguration;
			buildSettings = {
				ASSETCATALOG_COMPILER_APPICON_NAME = AppIcon;
				INFOPLIST_FILE = RoundLoadingView/Info.plist;
				LD_RUNPATH_SEARCH_PATHS = "$(inherited) @executable_path/Frameworks";
				PRODUCT_BUNDLE_IDENTIFIER = com.stevenj.RoundLoadingView;
				PRODUCT_NAME = "$(TARGET_NAME)";
			};
			name = Debug;
		};
		1193BB2A1CEED66500C12764 /* Release */ = {
			isa = XCBuildConfiguration;
			buildSettings = {
				ASSETCATALOG_COMPILER_APPICON_NAME = AppIcon;
				INFOPLIST_FILE = RoundLoadingView/Info.plist;
				LD_RUNPATH_SEARCH_PATHS = "$(inherited) @executable_path/Frameworks";
				PRODUCT_BUNDLE_IDENTIFIER = com.stevenj.RoundLoadingView;
				PRODUCT_NAME = "$(TARGET_NAME)";
			};
			name = Release;
		};
/* End XCBuildConfiguration section */

/* Begin XCConfigurationList section */
		1193BB111CEED66400C12764 /* Build configuration list for PBXProject "RoundLoadingView" */ = {
			isa = XCConfigurationList;
			buildConfigurations = (
				1193BB261CEED66500C12764 /* Debug */,
				1193BB271CEED66500C12764 /* Release */,
			);
			defaultConfigurationIsVisible = 0;
			defaultConfigurationName = Release;
		};
		1193BB281CEED66500C12764 /* Build configuration list for PBXNativeTarget "RoundLoadingView" */ = {
			isa = XCConfigurationList;
			buildConfigurations = (
				1193BB291CEED66500C12764 /* Debug */,
				1193BB2A1CEED66500C12764 /* Release */,
			);
			defaultConfigurationIsVisible = 0;
		};
/* End XCConfigurationList section */
	};
	rootObject = 1193BB0E1CEED66400C12764 /* Project object */;
}
